
Microsoft Visual Studio Solution File, Format Version 12.00
# Visual Studio 15
VisualStudioVersion = 15.0.27703.2035
MinimumVisualStudioVersion = 10.0.40219.1
Project("{FAE04EC0-301F-11D3-BF4B-00C04F79EFBC}") = "WpfAppTask1", "WpfAppTask1\WpfAppTask1.csproj", "{C78463F0-BD47-4895-9C11-547E3BBF273E}"
EndProject
Project("{FAE04EC0-301F-11D3-BF4B-00C04F79EFBC}") = "WpfAppTask2", "WpfAppTask2\WpfAppTask2.csproj", "{BFE9164D-7AC6-40DE-A515-DE1593B5F05A}"
EndProject
Global
	GlobalSection(SolutionConfigurationPlatforms) = preSolution
		Debug|Any CPU = Debug|Any CPU
		Release|Any CPU = Release|Any CPU
	EndGlobalSection
	GlobalSection(ProjectConfigurationPlatforms) = postSolution
		{C78463F0-BD47-4895-9C11-547E3BBF273E}.Debug|Any CPU.ActiveCfg = Debug|Any CPU
		{C78463F0-BD47-4895-9C11-547E3BBF273E}.Debug|Any CPU.Build.0 = Debug|Any CPU
		{C78463F0-BD47-4895-9C11-547E3BBF273E}.Release|Any CPU.ActiveCfg = Release|Any CPU
		{C78463F0-BD47-4895-9C11-547E3BBF273E}.Release|Any CPU.Build.0 = Release|Any CPU
		{BFE9164D-7AC6-40DE-A515-DE1593B5F05A}.Debug|Any CPU.ActiveCfg = Debug|Any CPU
		{BFE9164D-7AC6-40DE-A515-DE1593B5F05A}.Debug|Any CPU.Build.0 = Debug|Any CPU
		{BFE9164D-7AC6-40DE-A515-DE1593B5F05A}.Release|Any CPU.ActiveCfg = Release|Any CPU
		{BFE9164D-7AC6-40DE-A515-DE1593B5F05A}.Release|Any CPU.Build.0 = Release|Any CPU
	EndGlobalSection
	GlobalSection(SolutionProperties) = preSolution
		HideSolutionNode = FALSE
	EndGlobalSection
	GlobalSection(ExtensibilityGlobals) = postSolution
		SolutionGuid = {5CF7852B-8B51-4B68-AF05-CEF344447C65}
	EndGlobalSection
EndGlobal
